
Microsoft Visual Studio Solution File, Format Version 12.00
# Visual Studio Version 17
VisualStudioVersion = 17.13.35806.99 d17.13
MinimumVisualStudioVersion = 10.0.40219.1
Project("{FAE04EC0-301F-11D3-BF4B-00C04F79EFBC}") = "task_session5", "task_session5\task_session5.csproj", "{A998FCB8-0738-455F-9359-4D907973A980}"
EndProject
Global
	GlobalSection(SolutionConfigurationPlatforms) = preSolution
		Debug|Any CPU = Debug|Any CPU
		Release|Any CPU = Release|Any CPU
	EndGlobalSection
	GlobalSection(ProjectConfigurationPlatforms) = postSolution
		{A998FCB8-0738-455F-9359-4D907973A980}.Debug|Any CPU.ActiveCfg = Debug|Any CPU
		{A998FCB8-0738-455F-9359-4D907973A980}.Debug|Any CPU.Build.0 = Debug|Any CPU
		{A998FCB8-0738-455F-9359-4D907973A980}.Release|Any CPU.ActiveCfg = Release|Any CPU
		{A998FCB8-0738-455F-9359-4D907973A980}.Release|Any CPU.Build.0 = Release|Any CPU
	EndGlobalSection
	GlobalSection(SolutionProperties) = preSolution
		HideSolutionNode = FALSE
	EndGlobalSection
	GlobalSection(ExtensibilityGlobals) = postSolution
		SolutionGuid = {D14453C7-1905-46C1-A10B-A147E6F7FA17}
	EndGlobalSection
EndGlobal
